
Microsoft Visual Studio Solution File, Format Version 12.00
# Visual Studio Version 16
VisualStudioVersion = 16.0.32413.511
MinimumVisualStudioVersion = 10.0.40219.1
Project("{888888A0-9F3D-457C-B088-3A5042F75D52}") = "Eltech", "Eltech\Eltech.pyproj", "{EEC83C90-1F67-48D8-80F1-DF08BAD8054E}"
EndProject
Global
	GlobalSection(SolutionConfigurationPlatforms) = preSolution
		Debug|Any CPU = Debug|Any CPU
		Release|Any CPU = Release|Any CPU
	EndGlobalSection
	GlobalSection(ProjectConfigurationPlatforms) = postSolution
		{EEC83C90-1F67-48D8-80F1-DF08BAD8054E}.Debug|Any CPU.ActiveCfg = Debug|Any CPU
		{EEC83C90-1F67-48D8-80F1-DF08BAD8054E}.Debug|Any CPU.Build.0 = Debug|Any CPU
		{EEC83C90-1F67-48D8-80F1-DF08BAD8054E}.Release|Any CPU.ActiveCfg = Release|Any CPU
		{EEC83C90-1F67-48D8-80F1-DF08BAD8054E}.Release|Any CPU.Build.0 = Release|Any CPU
	EndGlobalSection
	GlobalSection(SolutionProperties) = preSolution
		HideSolutionNode = FALSE
	EndGlobalSection
	GlobalSection(ExtensibilityGlobals) = postSolution
		SolutionGuid = {0EE34E33-C1A0-46A7-A5EB-5FB871809613}
	EndGlobalSection
EndGlobal
